
Microsoft Visual Studio Solution File, Format Version 12.00
Project("{2150E333-8FDC-42A3-9474-1A3956D46DE8}") = "Workshop1", "Workshop1", "{D9C97FB3-1AF2-41C6-86B7-2D55E0974037}"
EndProject
Project("{FAE04EC0-301F-11D3-BF4B-00C04F79EFBC}") = "BenchmarkNetApp", "Workshop1\BenchmarkNetApp\BenchmarkNetApp.csproj", "{99C75B08-0946-4FD8-81A7-CBD43C12271B}"
EndProject
Project("{FAE04EC0-301F-11D3-BF4B-00C04F79EFBC}") = "DotnetCountersApp", "Workshop1\DotnetCountersApp\DotnetCountersApp.csproj", "{9B12F05C-042D-44E8-8A55-98E4E80E398D}"
EndProject
Project("{2150E333-8FDC-42A3-9474-1A3956D46DE8}") = "Workshop2", "Workshop2", "{EC01846C-A775-4BEB-BF56-F2243DEDBE28}"
EndProject
Project("{FAE04EC0-301F-11D3-BF4B-00C04F79EFBC}") = "GcModesApp", "Workshop2\GcModesApp\GcModesApp.csproj", "{B0DFE5F9-2DBB-4B83-9269-23621A737F0F}"
EndProject
Project("{FAE04EC0-301F-11D3-BF4B-00C04F79EFBC}") = "WebBackendApp", "Workshop1\WebBackendApp\WebBackendApp.csproj", "{B58B7E70-AB18-4311-A2F0-5EBF9966766A}"
EndProject
Project("{FAE04EC0-301F-11D3-BF4B-00C04F79EFBC}") = "NBomberApp", "Workshop1\NBomberApp\NBomberApp.csproj", "{84419A29-C550-4D13-8538-0905385EE660}"
EndProject
Project("{FAE04EC0-301F-11D3-BF4B-00C04F79EFBC}") = "GcGenerationsApp", "Workshop2\GcGenerationsApp\GcGenerationsApp.csproj", "{2DF95EDF-2B6E-4A3E-AFA0-B1DC4E9D8E77}"
EndProject
Project("{FAE04EC0-301F-11D3-BF4B-00C04F79EFBC}") = "MemoryLeakApp", "Workshop2\MemoryLeakApp\MemoryLeakApp.csproj", "{ADCCD500-29AB-4087-8116-5E40C3FD5F8C}"
EndProject
Project("{FAE04EC0-301F-11D3-BF4B-00C04F79EFBC}") = "MemoryLeakNBomberApp", "Workshop2\MemoryLeakNBomberApp\MemoryLeakNBomberApp.csproj", "{A4705972-C1ED-451C-A95E-7A2EC3434B5D}"
EndProject
Project("{2150E333-8FDC-42A3-9474-1A3956D46DE8}") = "Workshop3", "Workshop3", "{4F93893B-AB35-4AE0-BF7F-FDEB6606FB1A}"
EndProject
Project("{FAE04EC0-301F-11D3-BF4B-00C04F79EFBC}") = "StringOperationsBenchmarkApp", "Workshop3\StringOperationsBenchmarkApp\StringOperationsBenchmarkApp.csproj", "{D6BE0EFB-07CA-4451-B799-4F5E1A3FCC72}"
EndProject
Project("{FAE04EC0-301F-11D3-BF4B-00C04F79EFBC}") = "StringOperationsWebApp", "Workshop3\StringOperationsWebApp\StringOperationsWebApp.csproj", "{F93A355E-7FDA-4090-8D2C-E1244905A6CC}"
EndProject
Project("{FAE04EC0-301F-11D3-BF4B-00C04F79EFBC}") = "StringOperationsNBomberApp", "Workshop3\StringOperationsNBomberApp\StringOperationsNBomberApp.csproj", "{6C439F5E-8D3E-4C66-A3B6-2931AC3A9823}"
EndProject
Global
	GlobalSection(SolutionConfigurationPlatforms) = preSolution
		Debug|Any CPU = Debug|Any CPU
		Release|Any CPU = Release|Any CPU
	EndGlobalSection
	GlobalSection(NestedProjects) = preSolution
		{99C75B08-0946-4FD8-81A7-CBD43C12271B} = {D9C97FB3-1AF2-41C6-86B7-2D55E0974037}
		{9B12F05C-042D-44E8-8A55-98E4E80E398D} = {D9C97FB3-1AF2-41C6-86B7-2D55E0974037}
		{B0DFE5F9-2DBB-4B83-9269-23621A737F0F} = {EC01846C-A775-4BEB-BF56-F2243DEDBE28}
		{B58B7E70-AB18-4311-A2F0-5EBF9966766A} = {D9C97FB3-1AF2-41C6-86B7-2D55E0974037}
		{84419A29-C550-4D13-8538-0905385EE660} = {D9C97FB3-1AF2-41C6-86B7-2D55E0974037}
		{2DF95EDF-2B6E-4A3E-AFA0-B1DC4E9D8E77} = {EC01846C-A775-4BEB-BF56-F2243DEDBE28}
		{ADCCD500-29AB-4087-8116-5E40C3FD5F8C} = {EC01846C-A775-4BEB-BF56-F2243DEDBE28}
		{A4705972-C1ED-451C-A95E-7A2EC3434B5D} = {EC01846C-A775-4BEB-BF56-F2243DEDBE28}
		{D6BE0EFB-07CA-4451-B799-4F5E1A3FCC72} = {4F93893B-AB35-4AE0-BF7F-FDEB6606FB1A}
		{F93A355E-7FDA-4090-8D2C-E1244905A6CC} = {4F93893B-AB35-4AE0-BF7F-FDEB6606FB1A}
		{6C439F5E-8D3E-4C66-A3B6-2931AC3A9823} = {4F93893B-AB35-4AE0-BF7F-FDEB6606FB1A}
	EndGlobalSection
	GlobalSection(ProjectConfigurationPlatforms) = postSolution
		{99C75B08-0946-4FD8-81A7-CBD43C12271B}.Debug|Any CPU.ActiveCfg = Debug|Any CPU
		{99C75B08-0946-4FD8-81A7-CBD43C12271B}.Debug|Any CPU.Build.0 = Debug|Any CPU
		{99C75B08-0946-4FD8-81A7-CBD43C12271B}.Release|Any CPU.ActiveCfg = Release|Any CPU
		{99C75B08-0946-4FD8-81A7-CBD43C12271B}.Release|Any CPU.Build.0 = Release|Any CPU
		{9B12F05C-042D-44E8-8A55-98E4E80E398D}.Debug|Any CPU.ActiveCfg = Debug|Any CPU
		{9B12F05C-042D-44E8-8A55-98E4E80E398D}.Debug|Any CPU.Build.0 = Debug|Any CPU
		{9B12F05C-042D-44E8-8A55-98E4E80E398D}.Release|Any CPU.ActiveCfg = Release|Any CPU
		{9B12F05C-042D-44E8-8A55-98E4E80E398D}.Release|Any CPU.Build.0 = Release|Any CPU
		{B0DFE5F9-2DBB-4B83-9269-23621A737F0F}.Debug|Any CPU.ActiveCfg = Debug|Any CPU
		{B0DFE5F9-2DBB-4B83-9269-23621A737F0F}.Debug|Any CPU.Build.0 = Debug|Any CPU
		{B0DFE5F9-2DBB-4B83-9269-23621A737F0F}.Release|Any CPU.ActiveCfg = Release|Any CPU
		{B0DFE5F9-2DBB-4B83-9269-23621A737F0F}.Release|Any CPU.Build.0 = Release|Any CPU
		{B58B7E70-AB18-4311-A2F0-5EBF9966766A}.Debug|Any CPU.ActiveCfg = Debug|Any CPU
		{B58B7E70-AB18-4311-A2F0-5EBF9966766A}.Debug|Any CPU.Build.0 = Debug|Any CPU
		{B58B7E70-AB18-4311-A2F0-5EBF9966766A}.Release|Any CPU.ActiveCfg = Release|Any CPU
		{B58B7E70-AB18-4311-A2F0-5EBF9966766A}.Release|Any CPU.Build.0 = Release|Any CPU
		{84419A29-C550-4D13-8538-0905385EE660}.Debug|Any CPU.ActiveCfg = Debug|Any CPU
		{84419A29-C550-4D13-8538-0905385EE660}.Debug|Any CPU.Build.0 = Debug|Any CPU
		{84419A29-C550-4D13-8538-0905385EE660}.Release|Any CPU.ActiveCfg = Release|Any CPU
		{84419A29-C550-4D13-8538-0905385EE660}.Release|Any CPU.Build.0 = Release|Any CPU
		{2DF95EDF-2B6E-4A3E-AFA0-B1DC4E9D8E77}.Debug|Any CPU.ActiveCfg = Debug|Any CPU
		{2DF95EDF-2B6E-4A3E-AFA0-B1DC4E9D8E77}.Debug|Any CPU.Build.0 = Debug|Any CPU
		{2DF95EDF-2B6E-4A3E-AFA0-B1DC4E9D8E77}.Release|Any CPU.ActiveCfg = Release|Any CPU
		{2DF95EDF-2B6E-4A3E-AFA0-B1DC4E9D8E77}.Release|Any CPU.Build.0 = Release|Any CPU
		{ADCCD500-29AB-4087-8116-5E40C3FD5F8C}.Debug|Any CPU.ActiveCfg = Debug|Any CPU
		{ADCCD500-29AB-4087-8116-5E40C3FD5F8C}.Debug|Any CPU.Build.0 = Debug|Any CPU
		{ADCCD500-29AB-4087-8116-5E40C3FD5F8C}.Release|Any CPU.ActiveCfg = Release|Any CPU
		{ADCCD500-29AB-4087-8116-5E40C3FD5F8C}.Release|Any CPU.Build.0 = Release|Any CPU
		{A4705972-C1ED-451C-A95E-7A2EC3434B5D}.Debug|Any CPU.ActiveCfg = Debug|Any CPU
		{A4705972-C1ED-451C-A95E-7A2EC3434B5D}.Debug|Any CPU.Build.0 = Debug|Any CPU
		{A4705972-C1ED-451C-A95E-7A2EC3434B5D}.Release|Any CPU.ActiveCfg = Release|Any CPU
		{A4705972-C1ED-451C-A95E-7A2EC3434B5D}.Release|Any CPU.Build.0 = Release|Any CPU
		{D6BE0EFB-07CA-4451-B799-4F5E1A3FCC72}.Debug|Any CPU.ActiveCfg = Debug|Any CPU
		{D6BE0EFB-07CA-4451-B799-4F5E1A3FCC72}.Debug|Any CPU.Build.0 = Debug|Any CPU
		{D6BE0EFB-07CA-4451-B799-4F5E1A3FCC72}.Release|Any CPU.ActiveCfg = Release|Any CPU
		{D6BE0EFB-07CA-4451-B799-4F5E1A3FCC72}.Release|Any CPU.Build.0 = Release|Any CPU
		{F93A355E-7FDA-4090-8D2C-E1244905A6CC}.Debug|Any CPU.ActiveCfg = Debug|Any CPU
		{F93A355E-7FDA-4090-8D2C-E1244905A6CC}.Debug|Any CPU.Build.0 = Debug|Any CPU
		{F93A355E-7FDA-4090-8D2C-E1244905A6CC}.Release|Any CPU.ActiveCfg = Release|Any CPU
		{F93A355E-7FDA-4090-8D2C-E1244905A6CC}.Release|Any CPU.Build.0 = Release|Any CPU
		{6C439F5E-8D3E-4C66-A3B6-2931AC3A9823}.Debug|Any CPU.ActiveCfg = Debug|Any CPU
		{6C439F5E-8D3E-4C66-A3B6-2931AC3A9823}.Debug|Any CPU.Build.0 = Debug|Any CPU
		{6C439F5E-8D3E-4C66-A3B6-2931AC3A9823}.Release|Any CPU.ActiveCfg = Release|Any CPU
		{6C439F5E-8D3E-4C66-A3B6-2931AC3A9823}.Release|Any CPU.Build.0 = Release|Any CPU
	EndGlobalSection
EndGlobal
