
Microsoft Visual Studio Solution File, Format Version 12.00
Project("{2150E333-8FDC-42A3-9474-1A3956D46DE8}") = "Workshop1", "Workshop1", "{D9C97FB3-1AF2-41C6-86B7-2D55E0974037}"
EndProject
Project("{FAE04EC0-301F-11D3-BF4B-00C04F79EFBC}") = "BenchmarkNetApp", "Workshop1\BenchmarkNetApp\BenchmarkNetApp.csproj", "{99C75B08-0946-4FD8-81A7-CBD43C12271B}"
EndProject
Project("{FAE04EC0-301F-11D3-BF4B-00C04F79EFBC}") = "DotnetCountersApp", "Workshop1\DotnetCountersApp\DotnetCountersApp.csproj", "{9B12F05C-042D-44E8-8A55-98E4E80E398D}"
EndProject
Project("{2150E333-8FDC-42A3-9474-1A3956D46DE8}") = "Workshop2", "Workshop2", "{EC01846C-A775-4BEB-BF56-F2243DEDBE28}"
EndProject
Project("{FAE04EC0-301F-11D3-BF4B-00C04F79EFBC}") = "GcModesApp", "Workshop2\GcModesApp\GcModesApp.csproj", "{B0DFE5F9-2DBB-4B83-9269-23621A737F0F}"
EndProject
Project("{FAE04EC0-301F-11D3-BF4B-00C04F79EFBC}") = "WebBackendApp", "Workshop1\WebBackendApp\WebBackendApp.csproj", "{B58B7E70-AB18-4311-A2F0-5EBF9966766A}"
EndProject
Project("{FAE04EC0-301F-11D3-BF4B-00C04F79EFBC}") = "NBomberApp", "Workshop1\NBomberApp\NBomberApp.csproj", "{84419A29-C550-4D13-8538-0905385EE660}"
EndProject
Project("{FAE04EC0-301F-11D3-BF4B-00C04F79EFBC}") = "GcGenerationsApp", "Workshop2\GcGenerationsApp\GcGenerationsApp.csproj", "{2DF95EDF-2B6E-4A3E-AFA0-B1DC4E9D8E77}"
EndProject
Project("{FAE04EC0-301F-11D3-BF4B-00C04F79EFBC}") = "MemoryLeakApp", "Workshop2\MemoryLeakApp\MemoryLeakApp.csproj", "{ADCCD500-29AB-4087-8116-5E40C3FD5F8C}"
EndProject
Project("{FAE04EC0-301F-11D3-BF4B-00C04F79EFBC}") = "MemoryLeakNBomberApp", "Workshop2\MemoryLeakNBomberApp\MemoryLeakNBomberApp.csproj", "{A4705972-C1ED-451C-A95E-7A2EC3434B5D}"
EndProject
Project("{2150E333-8FDC-42A3-9474-1A3956D46DE8}") = "Workshop3", "Workshop3", "{4F93893B-AB35-4AE0-BF7F-FDEB6606FB1A}"
EndProject
Project("{FAE04EC0-301F-11D3-BF4B-00C04F79EFBC}") = "StringOperationsBenchmarkApp", "Workshop3\StringOperationsBenchmarkApp\StringOperationsBenchmarkApp.csproj", "{D6BE0EFB-07CA-4451-B799-4F5E1A3FCC72}"
EndProject
Project("{FAE04EC0-301F-11D3-BF4B-00C04F79EFBC}") = "StructsAllocationsBenchmarkApp", "Workshop3\StructsAllocationsBenchmarkApp\StructsAllocationsBenchmarkApp.csproj", "{F9B0737D-4A1C-4741-B867-CA0CB99A3323}"
EndProject
Project("{FAE04EC0-301F-11D3-BF4B-00C04F79EFBC}") = "StructsCopyBenchmarkApp", "Workshop3\StructsCopyBenchmarkApp\StructsCopyBenchmarkApp.csproj", "{41FD3B0E-CF13-4CE7-B9A9-E243769A9EAA}"
EndProject
Project("{2150E333-8FDC-42A3-9474-1A3956D46DE8}") = "Workshop4", "Workshop4", "{47EF5A61-BB27-41D8-80C7-FEC5BC1A931E}"
EndProject
Project("{FAE04EC0-301F-11D3-BF4B-00C04F79EFBC}") = "SpansBenchmarkApp", "Workshop3\SpansBenchmarkApp\SpansBenchmarkApp.csproj", "{73035945-60CE-4A64-BEA6-B0B3A8002671}"
EndProject
Project("{FAE04EC0-301F-11D3-BF4B-00C04F79EFBC}") = "PoolingBenchmarkApp", "Workshop4\PoolingBenchmarkApp\PoolingBenchmarkApp.csproj", "{91CE2081-AF72-42D6-9530-6802E748F894}"
EndProject
Project("{FAE04EC0-301F-11D3-BF4B-00C04F79EFBC}") = "PoolingWebApp", "Workshop4\PoolingWebApp\PoolingWebApp.csproj", "{95BE8CFE-0CA4-4D04-A51E-BE466805ECB0}"
EndProject
Project("{2150E333-8FDC-42A3-9474-1A3956D46DE8}") = "Workshop5", "Workshop5", "{8782670D-B74C-46D6-8F77-2AC8D55F9449}"
EndProject
Project("{2150E333-8FDC-42A3-9474-1A3956D46DE8}") = "Workshop6", "Workshop6", "{CCD50858-5FC9-4519-8EE8-4712161E9EC3}"
EndProject
Project("{2150E333-8FDC-42A3-9474-1A3956D46DE8}") = "Workshop7", "Workshop7", "{B0708FE7-F397-42F7-8817-842A77039369}"
EndProject
Project("{2150E333-8FDC-42A3-9474-1A3956D46DE8}") = "Workshop8", "Workshop8", "{420E5B7F-177E-4357-B99B-CAED707580BD}"
EndProject
Project("{FAE04EC0-301F-11D3-BF4B-00C04F79EFBC}") = "NBomberPollingApp", "Workshop4\NBomberPollingApp\NBomberPollingApp.csproj", "{C6841FCC-2E4B-4B2B-A62D-575E23A87CC4}"
EndProject
Project("{FAE04EC0-301F-11D3-BF4B-00C04F79EFBC}") = "ArraySlicingBenchmarkApp", "Workshop4\ArraySlicingBenchmarkApp\ArraySlicingBenchmarkApp.csproj", "{CFED47FF-02E7-4E38-B7FC-6FDE442308DC}"
EndProject
Project("{FAE04EC0-301F-11D3-BF4B-00C04F79EFBC}") = "SearchingBenchmarkApp", "Workshop5\SearchingBenchmarkApp\SearchingBenchmarkApp.csproj", "{E0F98F9D-A46E-4724-9676-60C86A3E0C58}"
EndProject
Project("{FAE04EC0-301F-11D3-BF4B-00C04F79EFBC}") = "RangeSearchingBenchmarkApp", "Workshop5\RangeSearchingBenchmarkApp\RangeSearchingBenchmarkApp.csproj", "{9C13B791-67CC-4CB2-A3ED-E39B9253CDF0}"
EndProject
Project("{FAE04EC0-301F-11D3-BF4B-00C04F79EFBC}") = "CreationBenchmarkApp", "Workshop5\CreationBenchmarkApp\CreationBenchmarkApp.csproj", "{3ED95838-94D7-4A65-A730-F615BD89EBCC}"
EndProject
Project("{FAE04EC0-301F-11D3-BF4B-00C04F79EFBC}") = "EnumerableBenchmarkApp", "Workshop5\EnumerableBenchmarkApp\EnumerableBenchmarkApp.csproj", "{1D5026B4-FFE5-49C9-8F91-0D760DA24F7E}"
EndProject
Project("{FAE04EC0-301F-11D3-BF4B-00C04F79EFBC}") = "ValueTaskBenchmarkApp", "Workshop6\ValueTaskBenchmarkApp\ValueTaskBenchmarkApp.csproj", "{B0476432-742D-4ED7-9F42-36405CA0AA57}"
EndProject
Project("{FAE04EC0-301F-11D3-BF4B-00C04F79EFBC}") = "FalseSharingBenchmark", "Workshop7\FalseSharingBenchmark\FalseSharingBenchmark.csproj", "{C5123398-7F2E-4B8D-B6AA-7B5B6B584BA5}"
EndProject
Project("{FAE04EC0-301F-11D3-BF4B-00C04F79EFBC}") = "ParallelBenchmarkApp", "Workshop7\ParallelBenchmarkApp\ParallelBenchmarkApp.csproj", "{600D1FEB-9C69-47EE-BAA3-891293E2A06A}"
EndProject
Project("{FAE04EC0-301F-11D3-BF4B-00C04F79EFBC}") = "ThreadBenchmarkApp", "Workshop7\ThreadBenchmarkApp\ThreadBenchmarkApp.csproj", "{6FBF7257-1D07-457A-8958-418B857D053E}"
EndProject
Project("{FAE04EC0-301F-11D3-BF4B-00C04F79EFBC}") = "WebBackendApp", "Workshop6\WebBackendApp\WebBackendApp.csproj", "{C2EEB494-D85E-4076-985C-53F664FF0527}"
EndProject
Project("{FAE04EC0-301F-11D3-BF4B-00C04F79EFBC}") = "NBomberApp", "Workshop6\NBomberApp\NBomberApp.csproj", "{BC53B503-F694-450D-ADD6-1C24225AD1BC}"
EndProject
Global
	GlobalSection(SolutionConfigurationPlatforms) = preSolution
		Debug|Any CPU = Debug|Any CPU
		Release|Any CPU = Release|Any CPU
	EndGlobalSection
	GlobalSection(NestedProjects) = preSolution
		{99C75B08-0946-4FD8-81A7-CBD43C12271B} = {D9C97FB3-1AF2-41C6-86B7-2D55E0974037}
		{9B12F05C-042D-44E8-8A55-98E4E80E398D} = {D9C97FB3-1AF2-41C6-86B7-2D55E0974037}
		{B0DFE5F9-2DBB-4B83-9269-23621A737F0F} = {EC01846C-A775-4BEB-BF56-F2243DEDBE28}
		{B58B7E70-AB18-4311-A2F0-5EBF9966766A} = {D9C97FB3-1AF2-41C6-86B7-2D55E0974037}
		{84419A29-C550-4D13-8538-0905385EE660} = {D9C97FB3-1AF2-41C6-86B7-2D55E0974037}
		{2DF95EDF-2B6E-4A3E-AFA0-B1DC4E9D8E77} = {EC01846C-A775-4BEB-BF56-F2243DEDBE28}
		{ADCCD500-29AB-4087-8116-5E40C3FD5F8C} = {EC01846C-A775-4BEB-BF56-F2243DEDBE28}
		{A4705972-C1ED-451C-A95E-7A2EC3434B5D} = {EC01846C-A775-4BEB-BF56-F2243DEDBE28}
		{D6BE0EFB-07CA-4451-B799-4F5E1A3FCC72} = {4F93893B-AB35-4AE0-BF7F-FDEB6606FB1A}
		{F9B0737D-4A1C-4741-B867-CA0CB99A3323} = {4F93893B-AB35-4AE0-BF7F-FDEB6606FB1A}
		{41FD3B0E-CF13-4CE7-B9A9-E243769A9EAA} = {4F93893B-AB35-4AE0-BF7F-FDEB6606FB1A}
		{91CE2081-AF72-42D6-9530-6802E748F894} = {47EF5A61-BB27-41D8-80C7-FEC5BC1A931E}
		{95BE8CFE-0CA4-4D04-A51E-BE466805ECB0} = {47EF5A61-BB27-41D8-80C7-FEC5BC1A931E}
		{73035945-60CE-4A64-BEA6-B0B3A8002671} = {4F93893B-AB35-4AE0-BF7F-FDEB6606FB1A}
		{C6841FCC-2E4B-4B2B-A62D-575E23A87CC4} = {47EF5A61-BB27-41D8-80C7-FEC5BC1A931E}
		{CFED47FF-02E7-4E38-B7FC-6FDE442308DC} = {47EF5A61-BB27-41D8-80C7-FEC5BC1A931E}
		{E0F98F9D-A46E-4724-9676-60C86A3E0C58} = {8782670D-B74C-46D6-8F77-2AC8D55F9449}
		{9C13B791-67CC-4CB2-A3ED-E39B9253CDF0} = {8782670D-B74C-46D6-8F77-2AC8D55F9449}
		{3ED95838-94D7-4A65-A730-F615BD89EBCC} = {8782670D-B74C-46D6-8F77-2AC8D55F9449}
		{1D5026B4-FFE5-49C9-8F91-0D760DA24F7E} = {8782670D-B74C-46D6-8F77-2AC8D55F9449}
		{B0476432-742D-4ED7-9F42-36405CA0AA57} = {CCD50858-5FC9-4519-8EE8-4712161E9EC3}
		{C5123398-7F2E-4B8D-B6AA-7B5B6B584BA5} = {B0708FE7-F397-42F7-8817-842A77039369}
		{600D1FEB-9C69-47EE-BAA3-891293E2A06A} = {B0708FE7-F397-42F7-8817-842A77039369}
		{6FBF7257-1D07-457A-8958-418B857D053E} = {B0708FE7-F397-42F7-8817-842A77039369}
		{C2EEB494-D85E-4076-985C-53F664FF0527} = {CCD50858-5FC9-4519-8EE8-4712161E9EC3}
		{BC53B503-F694-450D-ADD6-1C24225AD1BC} = {CCD50858-5FC9-4519-8EE8-4712161E9EC3}
	EndGlobalSection
	GlobalSection(ProjectConfigurationPlatforms) = postSolution
		{99C75B08-0946-4FD8-81A7-CBD43C12271B}.Debug|Any CPU.ActiveCfg = Debug|Any CPU
		{99C75B08-0946-4FD8-81A7-CBD43C12271B}.Debug|Any CPU.Build.0 = Debug|Any CPU
		{99C75B08-0946-4FD8-81A7-CBD43C12271B}.Release|Any CPU.ActiveCfg = Release|Any CPU
		{99C75B08-0946-4FD8-81A7-CBD43C12271B}.Release|Any CPU.Build.0 = Release|Any CPU
		{9B12F05C-042D-44E8-8A55-98E4E80E398D}.Debug|Any CPU.ActiveCfg = Debug|Any CPU
		{9B12F05C-042D-44E8-8A55-98E4E80E398D}.Debug|Any CPU.Build.0 = Debug|Any CPU
		{9B12F05C-042D-44E8-8A55-98E4E80E398D}.Release|Any CPU.ActiveCfg = Release|Any CPU
		{9B12F05C-042D-44E8-8A55-98E4E80E398D}.Release|Any CPU.Build.0 = Release|Any CPU
		{B0DFE5F9-2DBB-4B83-9269-23621A737F0F}.Debug|Any CPU.ActiveCfg = Debug|Any CPU
		{B0DFE5F9-2DBB-4B83-9269-23621A737F0F}.Debug|Any CPU.Build.0 = Debug|Any CPU
		{B0DFE5F9-2DBB-4B83-9269-23621A737F0F}.Release|Any CPU.ActiveCfg = Release|Any CPU
		{B0DFE5F9-2DBB-4B83-9269-23621A737F0F}.Release|Any CPU.Build.0 = Release|Any CPU
		{B58B7E70-AB18-4311-A2F0-5EBF9966766A}.Debug|Any CPU.ActiveCfg = Debug|Any CPU
		{B58B7E70-AB18-4311-A2F0-5EBF9966766A}.Debug|Any CPU.Build.0 = Debug|Any CPU
		{B58B7E70-AB18-4311-A2F0-5EBF9966766A}.Release|Any CPU.ActiveCfg = Release|Any CPU
		{B58B7E70-AB18-4311-A2F0-5EBF9966766A}.Release|Any CPU.Build.0 = Release|Any CPU
		{84419A29-C550-4D13-8538-0905385EE660}.Debug|Any CPU.ActiveCfg = Debug|Any CPU
		{84419A29-C550-4D13-8538-0905385EE660}.Debug|Any CPU.Build.0 = Debug|Any CPU
		{84419A29-C550-4D13-8538-0905385EE660}.Release|Any CPU.ActiveCfg = Release|Any CPU
		{84419A29-C550-4D13-8538-0905385EE660}.Release|Any CPU.Build.0 = Release|Any CPU
		{2DF95EDF-2B6E-4A3E-AFA0-B1DC4E9D8E77}.Debug|Any CPU.ActiveCfg = Debug|Any CPU
		{2DF95EDF-2B6E-4A3E-AFA0-B1DC4E9D8E77}.Debug|Any CPU.Build.0 = Debug|Any CPU
		{2DF95EDF-2B6E-4A3E-AFA0-B1DC4E9D8E77}.Release|Any CPU.ActiveCfg = Release|Any CPU
		{2DF95EDF-2B6E-4A3E-AFA0-B1DC4E9D8E77}.Release|Any CPU.Build.0 = Release|Any CPU
		{ADCCD500-29AB-4087-8116-5E40C3FD5F8C}.Debug|Any CPU.ActiveCfg = Debug|Any CPU
		{ADCCD500-29AB-4087-8116-5E40C3FD5F8C}.Debug|Any CPU.Build.0 = Debug|Any CPU
		{ADCCD500-29AB-4087-8116-5E40C3FD5F8C}.Release|Any CPU.ActiveCfg = Release|Any CPU
		{ADCCD500-29AB-4087-8116-5E40C3FD5F8C}.Release|Any CPU.Build.0 = Release|Any CPU
		{A4705972-C1ED-451C-A95E-7A2EC3434B5D}.Debug|Any CPU.ActiveCfg = Debug|Any CPU
		{A4705972-C1ED-451C-A95E-7A2EC3434B5D}.Debug|Any CPU.Build.0 = Debug|Any CPU
		{A4705972-C1ED-451C-A95E-7A2EC3434B5D}.Release|Any CPU.ActiveCfg = Release|Any CPU
		{A4705972-C1ED-451C-A95E-7A2EC3434B5D}.Release|Any CPU.Build.0 = Release|Any CPU
		{D6BE0EFB-07CA-4451-B799-4F5E1A3FCC72}.Debug|Any CPU.ActiveCfg = Debug|Any CPU
		{D6BE0EFB-07CA-4451-B799-4F5E1A3FCC72}.Debug|Any CPU.Build.0 = Debug|Any CPU
		{D6BE0EFB-07CA-4451-B799-4F5E1A3FCC72}.Release|Any CPU.ActiveCfg = Release|Any CPU
		{D6BE0EFB-07CA-4451-B799-4F5E1A3FCC72}.Release|Any CPU.Build.0 = Release|Any CPU
		{F9B0737D-4A1C-4741-B867-CA0CB99A3323}.Debug|Any CPU.ActiveCfg = Debug|Any CPU
		{F9B0737D-4A1C-4741-B867-CA0CB99A3323}.Debug|Any CPU.Build.0 = Debug|Any CPU
		{F9B0737D-4A1C-4741-B867-CA0CB99A3323}.Release|Any CPU.ActiveCfg = Release|Any CPU
		{F9B0737D-4A1C-4741-B867-CA0CB99A3323}.Release|Any CPU.Build.0 = Release|Any CPU
		{41FD3B0E-CF13-4CE7-B9A9-E243769A9EAA}.Debug|Any CPU.ActiveCfg = Debug|Any CPU
		{41FD3B0E-CF13-4CE7-B9A9-E243769A9EAA}.Debug|Any CPU.Build.0 = Debug|Any CPU
		{41FD3B0E-CF13-4CE7-B9A9-E243769A9EAA}.Release|Any CPU.ActiveCfg = Release|Any CPU
		{41FD3B0E-CF13-4CE7-B9A9-E243769A9EAA}.Release|Any CPU.Build.0 = Release|Any CPU
		{73035945-60CE-4A64-BEA6-B0B3A8002671}.Debug|Any CPU.ActiveCfg = Debug|Any CPU
		{73035945-60CE-4A64-BEA6-B0B3A8002671}.Debug|Any CPU.Build.0 = Debug|Any CPU
		{73035945-60CE-4A64-BEA6-B0B3A8002671}.Release|Any CPU.ActiveCfg = Release|Any CPU
		{73035945-60CE-4A64-BEA6-B0B3A8002671}.Release|Any CPU.Build.0 = Release|Any CPU
		{91CE2081-AF72-42D6-9530-6802E748F894}.Debug|Any CPU.ActiveCfg = Debug|Any CPU
		{91CE2081-AF72-42D6-9530-6802E748F894}.Debug|Any CPU.Build.0 = Debug|Any CPU
		{91CE2081-AF72-42D6-9530-6802E748F894}.Release|Any CPU.ActiveCfg = Release|Any CPU
		{91CE2081-AF72-42D6-9530-6802E748F894}.Release|Any CPU.Build.0 = Release|Any CPU
		{95BE8CFE-0CA4-4D04-A51E-BE466805ECB0}.Debug|Any CPU.ActiveCfg = Debug|Any CPU
		{95BE8CFE-0CA4-4D04-A51E-BE466805ECB0}.Debug|Any CPU.Build.0 = Debug|Any CPU
		{95BE8CFE-0CA4-4D04-A51E-BE466805ECB0}.Release|Any CPU.ActiveCfg = Release|Any CPU
		{95BE8CFE-0CA4-4D04-A51E-BE466805ECB0}.Release|Any CPU.Build.0 = Release|Any CPU
		{C6841FCC-2E4B-4B2B-A62D-575E23A87CC4}.Debug|Any CPU.ActiveCfg = Debug|Any CPU
		{C6841FCC-2E4B-4B2B-A62D-575E23A87CC4}.Debug|Any CPU.Build.0 = Debug|Any CPU
		{C6841FCC-2E4B-4B2B-A62D-575E23A87CC4}.Release|Any CPU.ActiveCfg = Release|Any CPU
		{C6841FCC-2E4B-4B2B-A62D-575E23A87CC4}.Release|Any CPU.Build.0 = Release|Any CPU
		{CFED47FF-02E7-4E38-B7FC-6FDE442308DC}.Debug|Any CPU.ActiveCfg = Debug|Any CPU
		{CFED47FF-02E7-4E38-B7FC-6FDE442308DC}.Debug|Any CPU.Build.0 = Debug|Any CPU
		{CFED47FF-02E7-4E38-B7FC-6FDE442308DC}.Release|Any CPU.ActiveCfg = Release|Any CPU
		{CFED47FF-02E7-4E38-B7FC-6FDE442308DC}.Release|Any CPU.Build.0 = Release|Any CPU
		{E0F98F9D-A46E-4724-9676-60C86A3E0C58}.Debug|Any CPU.ActiveCfg = Debug|Any CPU
		{E0F98F9D-A46E-4724-9676-60C86A3E0C58}.Debug|Any CPU.Build.0 = Debug|Any CPU
		{E0F98F9D-A46E-4724-9676-60C86A3E0C58}.Release|Any CPU.ActiveCfg = Release|Any CPU
		{E0F98F9D-A46E-4724-9676-60C86A3E0C58}.Release|Any CPU.Build.0 = Release|Any CPU
		{9C13B791-67CC-4CB2-A3ED-E39B9253CDF0}.Debug|Any CPU.ActiveCfg = Debug|Any CPU
		{9C13B791-67CC-4CB2-A3ED-E39B9253CDF0}.Debug|Any CPU.Build.0 = Debug|Any CPU
		{9C13B791-67CC-4CB2-A3ED-E39B9253CDF0}.Release|Any CPU.ActiveCfg = Release|Any CPU
		{9C13B791-67CC-4CB2-A3ED-E39B9253CDF0}.Release|Any CPU.Build.0 = Release|Any CPU
		{3ED95838-94D7-4A65-A730-F615BD89EBCC}.Debug|Any CPU.ActiveCfg = Debug|Any CPU
		{3ED95838-94D7-4A65-A730-F615BD89EBCC}.Debug|Any CPU.Build.0 = Debug|Any CPU
		{3ED95838-94D7-4A65-A730-F615BD89EBCC}.Release|Any CPU.ActiveCfg = Release|Any CPU
		{3ED95838-94D7-4A65-A730-F615BD89EBCC}.Release|Any CPU.Build.0 = Release|Any CPU
		{1D5026B4-FFE5-49C9-8F91-0D760DA24F7E}.Debug|Any CPU.ActiveCfg = Debug|Any CPU
		{1D5026B4-FFE5-49C9-8F91-0D760DA24F7E}.Debug|Any CPU.Build.0 = Debug|Any CPU
		{1D5026B4-FFE5-49C9-8F91-0D760DA24F7E}.Release|Any CPU.ActiveCfg = Release|Any CPU
		{1D5026B4-FFE5-49C9-8F91-0D760DA24F7E}.Release|Any CPU.Build.0 = Release|Any CPU
		{B0476432-742D-4ED7-9F42-36405CA0AA57}.Debug|Any CPU.ActiveCfg = Debug|Any CPU
		{B0476432-742D-4ED7-9F42-36405CA0AA57}.Debug|Any CPU.Build.0 = Debug|Any CPU
		{B0476432-742D-4ED7-9F42-36405CA0AA57}.Release|Any CPU.ActiveCfg = Release|Any CPU
		{B0476432-742D-4ED7-9F42-36405CA0AA57}.Release|Any CPU.Build.0 = Release|Any CPU
		{C5123398-7F2E-4B8D-B6AA-7B5B6B584BA5}.Debug|Any CPU.ActiveCfg = Debug|Any CPU
		{C5123398-7F2E-4B8D-B6AA-7B5B6B584BA5}.Debug|Any CPU.Build.0 = Debug|Any CPU
		{C5123398-7F2E-4B8D-B6AA-7B5B6B584BA5}.Release|Any CPU.ActiveCfg = Release|Any CPU
		{C5123398-7F2E-4B8D-B6AA-7B5B6B584BA5}.Release|Any CPU.Build.0 = Release|Any CPU
		{600D1FEB-9C69-47EE-BAA3-891293E2A06A}.Debug|Any CPU.ActiveCfg = Debug|Any CPU
		{600D1FEB-9C69-47EE-BAA3-891293E2A06A}.Debug|Any CPU.Build.0 = Debug|Any CPU
		{600D1FEB-9C69-47EE-BAA3-891293E2A06A}.Release|Any CPU.ActiveCfg = Release|Any CPU
		{600D1FEB-9C69-47EE-BAA3-891293E2A06A}.Release|Any CPU.Build.0 = Release|Any CPU
		{6FBF7257-1D07-457A-8958-418B857D053E}.Debug|Any CPU.ActiveCfg = Debug|Any CPU
		{6FBF7257-1D07-457A-8958-418B857D053E}.Debug|Any CPU.Build.0 = Debug|Any CPU
		{6FBF7257-1D07-457A-8958-418B857D053E}.Release|Any CPU.ActiveCfg = Release|Any CPU
		{6FBF7257-1D07-457A-8958-418B857D053E}.Release|Any CPU.Build.0 = Release|Any CPU
		{C2EEB494-D85E-4076-985C-53F664FF0527}.Debug|Any CPU.ActiveCfg = Debug|Any CPU
		{C2EEB494-D85E-4076-985C-53F664FF0527}.Debug|Any CPU.Build.0 = Debug|Any CPU
		{C2EEB494-D85E-4076-985C-53F664FF0527}.Release|Any CPU.ActiveCfg = Release|Any CPU
		{C2EEB494-D85E-4076-985C-53F664FF0527}.Release|Any CPU.Build.0 = Release|Any CPU
		{BC53B503-F694-450D-ADD6-1C24225AD1BC}.Debug|Any CPU.ActiveCfg = Debug|Any CPU
		{BC53B503-F694-450D-ADD6-1C24225AD1BC}.Debug|Any CPU.Build.0 = Debug|Any CPU
		{BC53B503-F694-450D-ADD6-1C24225AD1BC}.Release|Any CPU.ActiveCfg = Release|Any CPU
		{BC53B503-F694-450D-ADD6-1C24225AD1BC}.Release|Any CPU.Build.0 = Release|Any CPU
	EndGlobalSection
EndGlobal
